
Microsoft Visual Studio Solution File, Format Version 12.00
# Visual Studio Version 16
VisualStudioVersion = 16.0.31005.135
MinimumVisualStudioVersion = 10.0.40219.1
Project("{9A19103F-16F7-4668-BE54-9A1E7A4F7556}") = "eProdaja", "eProdaja\eProdaja.csproj", "{B746124A-AD91-48F3-8F69-B88DECDAA603}"
EndProject
Project("{FAE04EC0-301F-11D3-BF4B-00C04F79EFBC}") = "eProdaja.Model", "eProdaja.Model\eProdaja.Model.csproj", "{B8F6409A-B95F-4BA2-B0C0-B2E2C162D24D}"
EndProject
Global
	GlobalSection(SolutionConfigurationPlatforms) = preSolution
		Debug|Any CPU = Debug|Any CPU
		Release|Any CPU = Release|Any CPU
	EndGlobalSection
	GlobalSection(ProjectConfigurationPlatforms) = postSolution
		{B746124A-AD91-48F3-8F69-B88DECDAA603}.Debug|Any CPU.ActiveCfg = Debug|Any CPU
		{B746124A-AD91-48F3-8F69-B88DECDAA603}.Debug|Any CPU.Build.0 = Debug|Any CPU
		{B746124A-AD91-48F3-8F69-B88DECDAA603}.Release|Any CPU.ActiveCfg = Release|Any CPU
		{B746124A-AD91-48F3-8F69-B88DECDAA603}.Release|Any CPU.Build.0 = Release|Any CPU
		{B8F6409A-B95F-4BA2-B0C0-B2E2C162D24D}.Debug|Any CPU.ActiveCfg = Debug|Any CPU
		{B8F6409A-B95F-4BA2-B0C0-B2E2C162D24D}.Debug|Any CPU.Build.0 = Debug|Any CPU
		{B8F6409A-B95F-4BA2-B0C0-B2E2C162D24D}.Release|Any CPU.ActiveCfg = Release|Any CPU
		{B8F6409A-B95F-4BA2-B0C0-B2E2C162D24D}.Release|Any CPU.Build.0 = Release|Any CPU
	EndGlobalSection
	GlobalSection(SolutionProperties) = preSolution
		HideSolutionNode = FALSE
	EndGlobalSection
	GlobalSection(ExtensibilityGlobals) = postSolution
		SolutionGuid = {7ABFABE5-186C-4D78-9756-FF11483A82EF}
	EndGlobalSection
EndGlobal
